
Microsoft Visual Studio Solution File, Format Version 12.00
# Visual Studio Version 16
VisualStudioVersion = 16.0.29905.134
MinimumVisualStudioVersion = 10.0.40219.1
Project("{FAE04EC0-301F-11D3-BF4B-00C04F79EFBC}") = "LibraryProject", "LibraryProject\LibraryProject.csproj", "{A66263E6-C031-43A1-AA2C-52B9972FED38}"
EndProject
Global
	GlobalSection(SolutionConfigurationPlatforms) = preSolution
		Debug|Any CPU = Debug|Any CPU
		Release|Any CPU = Release|Any CPU
	EndGlobalSection
	GlobalSection(ProjectConfigurationPlatforms) = postSolution
		{A66263E6-C031-43A1-AA2C-52B9972FED38}.Debug|Any CPU.ActiveCfg = Debug|Any CPU
		{A66263E6-C031-43A1-AA2C-52B9972FED38}.Debug|Any CPU.Build.0 = Debug|Any CPU
		{A66263E6-C031-43A1-AA2C-52B9972FED38}.Release|Any CPU.ActiveCfg = Release|Any CPU
		{A66263E6-C031-43A1-AA2C-52B9972FED38}.Release|Any CPU.Build.0 = Release|Any CPU
	EndGlobalSection
	GlobalSection(SolutionProperties) = preSolution
		HideSolutionNode = FALSE
	EndGlobalSection
	GlobalSection(ExtensibilityGlobals) = postSolution
		SolutionGuid = {E6A6A92A-819B-450A-9E50-910989CE99AE}
	EndGlobalSection
EndGlobal
